
Microsoft Visual Studio Solution File, Format Version 12.00
# Visual Studio Version 17
VisualStudioVersion = 17.9.34616.47
MinimumVisualStudioVersion = 10.0.40219.1
Project("{FAE04EC0-301F-11D3-BF4B-00C04F79EFBC}") = "Week11", "Week11\Week11.csproj", "{E9A33F9E-F9F6-4F00-BA5F-D9AECBAE0FF5}"
EndProject
Global
	GlobalSection(SolutionConfigurationPlatforms) = preSolution
		Debug|Any CPU = Debug|Any CPU
		Release|Any CPU = Release|Any CPU
	EndGlobalSection
	GlobalSection(ProjectConfigurationPlatforms) = postSolution
		{E9A33F9E-F9F6-4F00-BA5F-D9AECBAE0FF5}.Debug|Any CPU.ActiveCfg = Debug|Any CPU
		{E9A33F9E-F9F6-4F00-BA5F-D9AECBAE0FF5}.Debug|Any CPU.Build.0 = Debug|Any CPU
		{E9A33F9E-F9F6-4F00-BA5F-D9AECBAE0FF5}.Release|Any CPU.ActiveCfg = Release|Any CPU
		{E9A33F9E-F9F6-4F00-BA5F-D9AECBAE0FF5}.Release|Any CPU.Build.0 = Release|Any CPU
	EndGlobalSection
	GlobalSection(SolutionProperties) = preSolution
		HideSolutionNode = FALSE
	EndGlobalSection
	GlobalSection(ExtensibilityGlobals) = postSolution
		SolutionGuid = {E6F042A4-087A-4735-A90B-0B35C0FCB7E7}
	EndGlobalSection
EndGlobal
